{
  "nodes": {
    "cl-boundary-kit": {
      "inputs": {
        "cl-prolog": "cl-prolog",
        "cl-weave": "cl-weave",
        "nixpkgs": [
          "nixpkgs"
        ]
      },
      "locked": {
        "lastModified": 1784528272,
        "narHash": "sha256-TqmaimCqth6nvjSOWzYtk3/Oc0ylOt2doWrCSY6Tltg=",
        "owner": "nerima-lisp",
        "repo": "cl-boundary-kit",
        "rev": "c33694d00bc2657676b30c78f4a7aed477f84697",
        "type": "github"
      },
      "original": {
        "owner": "nerima-lisp",
        "ref": "v0.4.0",
        "repo": "cl-boundary-kit",
        "type": "github"
      }
    },
    "cl-json-kit": {
      "inputs": {
        "cl-weave": "cl-weave_2",
        "nixpkgs": [
          "cl-log-kit",
          "nixpkgs"
        ]
      },
      "locked": {
        "lastModified": 1784883913,
        "narHash": "sha256-D4r0+DBaVlHlsDdqXXSKpmy+a3/Fv6olaJ+9vE1YUJI=",
        "owner": "nerima-lisp",
        "repo": "cl-json-kit",
        "rev": "425a6b852b4911387a6c31f575cc1236c8839807",
        "type": "github"
      },
      "original": {
        "owner": "nerima-lisp",
        "repo": "cl-json-kit",
        "type": "github"
      }
    },
    "cl-log-kit": {
      "inputs": {
        "cl-json-kit": "cl-json-kit",
        "cl-process-kit": "cl-process-kit",
        "cl-weave": "cl-weave_4",
        "nixpkgs": [
          "nixpkgs"
        ],
        "paredit-cli": "paredit-cli_3"
      },
      "locked": {
        "lastModified": 1784893936,
        "narHash": "sha256-n1qdN+GPMwobdR0lSgDmmx3oWouJY7G/UV5T5aV54Qo=",
        "owner": "nerima-lisp",
        "repo": "cl-log-kit",
        "rev": "314f34fa94c996fc8d216598c07dae30155dc9e7",
        "type": "github"
      },
      "original": {
        "owner": "nerima-lisp",
        "ref": "v1.1.0",
        "repo": "cl-log-kit",
        "type": "github"
      }
    },
    "cl-process-kit": {
      "inputs": {
        "cl-weave": "cl-weave_3",
        "nixpkgs": [
          "cl-log-kit",
          "nixpkgs"
        ]
      },
      "locked": {
        "lastModified": 1784796979,
        "narHash": "sha256-iGOpjXwv2g5kvrHOSNvBDV4UcerhDz6IfyKBG341MpE=",
        "owner": "nerima-lisp",
        "repo": "cl-process-kit",
        "rev": "6a98893ab1da700f9e4faf83c5dc6e2851719190",
        "type": "github"
      },
      "original": {
        "owner": "nerima-lisp",
        "repo": "cl-process-kit",
        "type": "github"
      }
    },
    "cl-prolog": {
      "inputs": {
        "cl-weave": [
          "cl-boundary-kit",
          "cl-weave"
        ],
        "nixpkgs": [
          "cl-boundary-kit",
          "nixpkgs"
        ],
        "paredit-cli": "paredit-cli"
      },
      "locked": {
        "lastModified": 1784437549,
        "narHash": "sha256-1WRrmNeniD1w1euhGhOCEpQoPVum5M2G6JVESAHzW1w=",
        "owner": "takeokunn",
        "repo": "cl-prolog",
        "rev": "b3049ad4f616e9b5cfc6987b1449b3f0920b1323",
        "type": "github"
      },
      "original": {
        "owner": "takeokunn",
        "ref": "v0.6.0",
        "repo": "cl-prolog",
        "type": "github"
      }
    },
    "cl-tty-kit": {
      "flake": false,
      "locked": {
        "lastModified": 1784816971,
        "narHash": "sha256-o+omqY9eqVoXjHdqbbYhRtQWg5HqFy0K9jWJ768jCm0=",
        "owner": "nerima-lisp",
        "repo": "cl-tty-kit",
        "rev": "f2a31ca8136d7c170d22b341ffbc1c01170b1160",
        "type": "github"
      },
      "original": {
        "owner": "nerima-lisp",
        "ref": "v0.4.0",
        "repo": "cl-tty-kit",
        "type": "github"
      }
    },
    "cl-weave": {
      "inputs": {
        "nixpkgs": [
          "cl-boundary-kit",
          "nixpkgs"
        ],
        "paredit-cli": "paredit-cli_2"
      },
      "locked": {
        "lastModified": 1784441992,
        "narHash": "sha256-ucrWD3PjamiyJ0wKhwaatGcHWicSDI3f89E4uvkeupA=",
        "owner": "takeokunn",
        "repo": "cl-weave",
        "rev": "985445109abe773fb96c479e4abdcc9e747c62bb",
        "type": "github"
      },
      "original": {
        "owner": "takeokunn",
        "ref": "v0.8.0",
        "repo": "cl-weave",
        "type": "github"
      }
    },
    "cl-weave_2": {
      "inputs": {
        "nixpkgs": [
          "cl-log-kit",
          "cl-json-kit",
          "nixpkgs"
        ],
        "paredit-cli": [
          "cl-log-kit",
          "paredit-cli"
        ]
      },
      "locked": {
        "lastModified": 1784866842,
        "narHash": "sha256-uFdqahTn9aTgFYnV8tkY5CLI53EGxSZGXjW6Ky1NgXY=",
        "owner": "nerima-lisp",
        "repo": "cl-weave",
        "rev": "7ddc1a283878878a58ec90ab6d4742be86868ba8",
        "type": "github"
      },
      "original": {
        "owner": "nerima-lisp",
        "ref": "v0.10.0",
        "repo": "cl-weave",
        "type": "github"
      }
    },
    "cl-weave_3": {
      "inputs": {
        "nixpkgs": [
          "cl-log-kit",
          "cl-process-kit",
          "nixpkgs"
        ],
        "paredit-cli": [
          "cl-log-kit",
          "paredit-cli"
        ]
      },
      "locked": {
        "lastModified": 1784441992,
        "narHash": "sha256-ucrWD3PjamiyJ0wKhwaatGcHWicSDI3f89E4uvkeupA=",
        "owner": "nerima-lisp",
        "repo": "cl-weave",
        "rev": "985445109abe773fb96c479e4abdcc9e747c62bb",
        "type": "github"
      },
      "original": {
        "owner": "nerima-lisp",
        "ref": "v0.8.0",
        "repo": "cl-weave",
        "type": "github"
      }
    },
    "cl-weave_4": {
      "inputs": {
        "nixpkgs": [
          "cl-log-kit",
          "nixpkgs"
        ],
        "paredit-cli": [
          "cl-log-kit",
          "paredit-cli"
        ]
      },
      "locked": {
        "lastModified": 1784866842,
        "narHash": "sha256-uFdqahTn9aTgFYnV8tkY5CLI53EGxSZGXjW6Ky1NgXY=",
        "owner": "nerima-lisp",
        "repo": "cl-weave",
        "rev": "7ddc1a283878878a58ec90ab6d4742be86868ba8",
        "type": "github"
      },
      "original": {
        "owner": "nerima-lisp",
        "repo": "cl-weave",
        "type": "github"
      }
    },
    "cl-weave_5": {
      "inputs": {
        "nixpkgs": [
          "nixpkgs"
        ],
        "paredit-cli": "paredit-cli_4"
      },
      "locked": {
        "lastModified": 1784866842,
        "narHash": "sha256-uFdqahTn9aTgFYnV8tkY5CLI53EGxSZGXjW6Ky1NgXY=",
        "owner": "nerima-lisp",
        "repo": "cl-weave",
        "rev": "7ddc1a283878878a58ec90ab6d4742be86868ba8",
        "type": "github"
      },
      "original": {
        "owner": "nerima-lisp",
        "ref": "v0.10.0",
        "repo": "cl-weave",
        "type": "github"
      }
    },
    "nixpkgs": {
      "locked": {
        "lastModified": 1784497964,
        "narHash": "sha256-vlHUuqAcbcH2RKmHbPiuQzbv1pnzzavXnI62RD0bqCU=",
        "owner": "NixOS",
        "repo": "nixpkgs",
        "rev": "241313f4e8e508cb9b13278c2b0fa25b9ca27163",
        "type": "github"
      },
      "original": {
        "owner": "NixOS",
        "ref": "nixos-unstable",
        "repo": "nixpkgs",
        "type": "github"
      }
    },
    "paredit-cli": {
      "inputs": {
        "nixpkgs": [
          "cl-boundary-kit",
          "cl-prolog",
          "nixpkgs"
        ],
        "rust-overlay": "rust-overlay",
        "treefmt-nix": "treefmt-nix"
      },
      "locked": {
        "lastModified": 1783796150,
        "narHash": "sha256-EiA9eOKIZ5mIPHUzINSg/lKxHNjm/ljn0BVWCFQHwDI=",
        "owner": "takeokunn",
        "repo": "paredit-cli",
        "rev": "335e3b8e7f737ed9afec5f166ab944e524d38059",
        "type": "github"
      },
      "original": {
        "owner": "takeokunn",
        "repo": "paredit-cli",
        "type": "github"
      }
    },
    "paredit-cli_2": {
      "inputs": {
        "nixpkgs": [
          "cl-boundary-kit",
          "cl-weave",
          "nixpkgs"
        ],
        "rust-overlay": "rust-overlay_2",
        "treefmt-nix": "treefmt-nix_2"
      },
      "locked": {
        "lastModified": 1783796150,
        "narHash": "sha256-EiA9eOKIZ5mIPHUzINSg/lKxHNjm/ljn0BVWCFQHwDI=",
        "owner": "takeokunn",
        "repo": "paredit-cli",
        "rev": "335e3b8e7f737ed9afec5f166ab944e524d38059",
        "type": "github"
      },
      "original": {
        "owner": "takeokunn",
        "repo": "paredit-cli",
        "type": "github"
      }
    },
    "paredit-cli_3": {
      "inputs": {
        "nixpkgs": [
          "cl-log-kit",
          "nixpkgs"
        ],
        "rust-overlay": "rust-overlay_3",
        "treefmt-nix": "treefmt-nix_3"
      },
      "locked": {
        "lastModified": 1784862675,
        "narHash": "sha256-KfxEsl6TSDZwFhIyA2QP3BX+jLw6qJWEz/uMPDkYnKI=",
        "owner": "nerima-lisp",
        "repo": "paredit-cli",
        "rev": "e321bbac6d25b181eaf286697d9761cc3e874091",
        "type": "github"
      },
      "original": {
        "owner": "nerima-lisp",
        "repo": "paredit-cli",
        "type": "github"
      }
    },
    "paredit-cli_4": {
      "inputs": {
        "nixpkgs": [
          "cl-weave",
          "nixpkgs"
        ],
        "rust-overlay": "rust-overlay_4",
        "treefmt-nix": "treefmt-nix_4"
      },
      "locked": {
        "lastModified": 1783796150,
        "narHash": "sha256-EiA9eOKIZ5mIPHUzINSg/lKxHNjm/ljn0BVWCFQHwDI=",
        "owner": "takeokunn",
        "repo": "paredit-cli",
        "rev": "335e3b8e7f737ed9afec5f166ab944e524d38059",
        "type": "github"
      },
      "original": {
        "owner": "takeokunn",
        "repo": "paredit-cli",
        "type": "github"
      }
    },
    "root": {
      "inputs": {
        "cl-boundary-kit": "cl-boundary-kit",
        "cl-log-kit": "cl-log-kit",
        "cl-tty-kit": "cl-tty-kit",
        "cl-weave": "cl-weave_5",
        "nixpkgs": "nixpkgs"
      }
    },
    "rust-overlay": {
      "inputs": {
        "nixpkgs": [
          "cl-boundary-kit",
          "cl-prolog",
          "paredit-cli",
          "nixpkgs"
        ]
      },
      "locked": {
        "lastModified": 1783663825,
        "narHash": "sha256-TTrNVoFdEw8j0Hn+shP1KAsimTmszTWBIIUliTaAuY0=",
        "owner": "oxalica",
        "repo": "rust-overlay",
        "rev": "072adf9b18936c1062c48123a9b77891d5968f2c",
        "type": "github"
      },
      "original": {
        "owner": "oxalica",
        "repo": "rust-overlay",
        "type": "github"
      }
    },
    "rust-overlay_2": {
      "inputs": {
        "nixpkgs": [
          "cl-boundary-kit",
          "cl-weave",
          "paredit-cli",
          "nixpkgs"
        ]
      },
      "locked": {
        "lastModified": 1783663825,
        "narHash": "sha256-TTrNVoFdEw8j0Hn+shP1KAsimTmszTWBIIUliTaAuY0=",
        "owner": "oxalica",
        "repo": "rust-overlay",
        "rev": "072adf9b18936c1062c48123a9b77891d5968f2c",
        "type": "github"
      },
      "original": {
        "owner": "oxalica",
        "repo": "rust-overlay",
        "type": "github"
      }
    },
    "rust-overlay_3": {
      "inputs": {
        "nixpkgs": [
          "cl-log-kit",
          "paredit-cli",
          "nixpkgs"
        ]
      },
      "locked": {
        "lastModified": 1783663825,
        "narHash": "sha256-TTrNVoFdEw8j0Hn+shP1KAsimTmszTWBIIUliTaAuY0=",
        "owner": "oxalica",
        "repo": "rust-overlay",
        "rev": "072adf9b18936c1062c48123a9b77891d5968f2c",
        "type": "github"
      },
      "original": {
        "owner": "oxalica",
        "repo": "rust-overlay",
        "type": "github"
      }
    },
    "rust-overlay_4": {
      "inputs": {
        "nixpkgs": [
          "cl-weave",
          "paredit-cli",
          "nixpkgs"
        ]
      },
      "locked": {
        "lastModified": 1783663825,
        "narHash": "sha256-TTrNVoFdEw8j0Hn+shP1KAsimTmszTWBIIUliTaAuY0=",
        "owner": "oxalica",
        "repo": "rust-overlay",
        "rev": "072adf9b18936c1062c48123a9b77891d5968f2c",
        "type": "github"
      },
      "original": {
        "owner": "oxalica",
        "repo": "rust-overlay",
        "type": "github"
      }
    },
    "treefmt-nix": {
      "inputs": {
        "nixpkgs": [
          "cl-boundary-kit",
          "cl-prolog",
          "paredit-cli",
          "nixpkgs"
        ]
      },
      "locked": {
        "lastModified": 1780220602,
        "narHash": "sha256-eynAfOmbmxJnkp7YewvCEbShNnnYJ9gLLqkzsYtBPeM=",
        "owner": "numtide",
        "repo": "treefmt-nix",
        "rev": "db947814a175b7ca6ded66e21383d938df01c227",
        "type": "github"
      },
      "original": {
        "owner": "numtide",
        "repo": "treefmt-nix",
        "type": "github"
      }
    },
    "treefmt-nix_2": {
      "inputs": {
        "nixpkgs": [
          "cl-boundary-kit",
          "cl-weave",
          "paredit-cli",
          "nixpkgs"
        ]
      },
      "locked": {
        "lastModified": 1780220602,
        "narHash": "sha256-eynAfOmbmxJnkp7YewvCEbShNnnYJ9gLLqkzsYtBPeM=",
        "owner": "numtide",
        "repo": "treefmt-nix",
        "rev": "db947814a175b7ca6ded66e21383d938df01c227",
        "type": "github"
      },
      "original": {
        "owner": "numtide",
        "repo": "treefmt-nix",
        "type": "github"
      }
    },
    "treefmt-nix_3": {
      "inputs": {
        "nixpkgs": [
          "cl-log-kit",
          "paredit-cli",
          "nixpkgs"
        ]
      },
      "locked": {
        "lastModified": 1780220602,
        "narHash": "sha256-eynAfOmbmxJnkp7YewvCEbShNnnYJ9gLLqkzsYtBPeM=",
        "owner": "numtide",
        "repo": "treefmt-nix",
        "rev": "db947814a175b7ca6ded66e21383d938df01c227",
        "type": "github"
      },
      "original": {
        "owner": "numtide",
        "repo": "treefmt-nix",
        "type": "github"
      }
    },
    "treefmt-nix_4": {
      "inputs": {
        "nixpkgs": [
          "cl-weave",
          "paredit-cli",
          "nixpkgs"
        ]
      },
      "locked": {
        "lastModified": 1780220602,
        "narHash": "sha256-eynAfOmbmxJnkp7YewvCEbShNnnYJ9gLLqkzsYtBPeM=",
        "owner": "numtide",
        "repo": "treefmt-nix",
        "rev": "db947814a175b7ca6ded66e21383d938df01c227",
        "type": "github"
      },
      "original": {
        "owner": "numtide",
        "repo": "treefmt-nix",
        "type": "github"
      }
    }
  },
  "root": "root",
  "version": 7
}
